Microsoft Visual Studio Solution File, Format Version 11.00
# Visual Studio 2008

Project("{86E9FF16-FC91-F781-0B42-E938CEB98A1B}") = "UnityHTCVive", "Assembly-CSharp-firstpass.csproj", "{0CA46778-FECD-7442-A84D-A4134D96D7CE}"
EndProject
Project("{86E9FF16-FC91-F781-0B42-E938CEB98A1B}") = "UnityHTCVive", "Assembly-CSharp.csproj", "{FACD4E1A-1729-8956-E716-65EDFABBDEC9}"
EndProject
Project("{86E9FF16-FC91-F781-0B42-E938CEB98A1B}") = "UnityHTCVive", "Assembly-CSharp-Editor-firstpass.csproj", "{C0940FA1-4A26-6A36-0B79-9C0CB9B6427A}"
EndProject
Project("{86E9FF16-FC91-F781-0B42-E938CEB98A1B}") = "UnityHTCVive", "Assembly-CSharp-Editor.csproj", "{058C3041-1EA0-90F0-5702-EED0E17DF758}"
EndProject
Global
	GlobalSection(SolutionConfigurationPlatforms) = preSolution
		Debug|Any CPU = Debug|Any CPU
		Release|Any CPU = Release|Any CPU
	EndGlobalSection
	GlobalSection(ProjectConfigurationPlatforms) = postSolution
		{0CA46778-FECD-7442-A84D-A4134D96D7CE}.Debug|Any CPU.ActiveCfg = Debug|Any CPU
		{0CA46778-FECD-7442-A84D-A4134D96D7CE}.Debug|Any CPU.Build.0 = Debug|Any CPU
		{0CA46778-FECD-7442-A84D-A4134D96D7CE}.Release|Any CPU.ActiveCfg = Release|Any CPU
		{0CA46778-FECD-7442-A84D-A4134D96D7CE}.Release|Any CPU.Build.0 = Release|Any CPU
		{FACD4E1A-1729-8956-E716-65EDFABBDEC9}.Debug|Any CPU.ActiveCfg = Debug|Any CPU
		{FACD4E1A-1729-8956-E716-65EDFABBDEC9}.Debug|Any CPU.Build.0 = Debug|Any CPU
		{FACD4E1A-1729-8956-E716-65EDFABBDEC9}.Release|Any CPU.ActiveCfg = Release|Any CPU
		{FACD4E1A-1729-8956-E716-65EDFABBDEC9}.Release|Any CPU.Build.0 = Release|Any CPU
		{C0940FA1-4A26-6A36-0B79-9C0CB9B6427A}.Debug|Any CPU.ActiveCfg = Debug|Any CPU
		{C0940FA1-4A26-6A36-0B79-9C0CB9B6427A}.Debug|Any CPU.Build.0 = Debug|Any CPU
		{C0940FA1-4A26-6A36-0B79-9C0CB9B6427A}.Release|Any CPU.ActiveCfg = Release|Any CPU
		{C0940FA1-4A26-6A36-0B79-9C0CB9B6427A}.Release|Any CPU.Build.0 = Release|Any CPU
		{058C3041-1EA0-90F0-5702-EED0E17DF758}.Debug|Any CPU.ActiveCfg = Debug|Any CPU
		{058C3041-1EA0-90F0-5702-EED0E17DF758}.Debug|Any CPU.Build.0 = Debug|Any CPU
		{058C3041-1EA0-90F0-5702-EED0E17DF758}.Release|Any CPU.ActiveCfg = Release|Any CPU
		{058C3041-1EA0-90F0-5702-EED0E17DF758}.Release|Any CPU.Build.0 = Release|Any CPU
	EndGlobalSection
	GlobalSection(SolutionProperties) = preSolution
		HideSolutionNode = FALSE
	EndGlobalSection
	GlobalSection(MonoDevelopProperties) = preSolution
		StartupItem = Assembly-CSharp.csproj
	EndGlobalSection
EndGlobal
